
Microsoft Visual Studio Solution File, Format Version 12.00
# Visual Studio Version 16
VisualStudioVersion = 16.0.29503.13
MinimumVisualStudioVersion = 10.0.40219.1
Project("{FAE04EC0-301F-11D3-BF4B-00C04F79EFBC}") = "StockManagement.UWP", "StockManagement\StockManagement.UWP\StockManagement.UWP.csproj", "{8C51C337-F22D-4D91-B33D-2E47D7CB9E68}"
EndProject
Project("{FAE04EC0-301F-11D3-BF4B-00C04F79EFBC}") = "StockManagement.Android", "StockManagement\StockManagement.Android\StockManagement.Android.csproj", "{3BF1628E-C067-4AFD-A19F-C7745DBF6585}"
EndProject
Project("{FAE04EC0-301F-11D3-BF4B-00C04F79EFBC}") = "StockManagement.iOS", "StockManagement\StockManagement.iOS\StockManagement.iOS.csproj", "{F660FB0A-FDAF-469B-A012-B2A44AD7B5D6}"
EndProject
Project("{FAE04EC0-301F-11D3-BF4B-00C04F79EFBC}") = "StockManagement", "StockManagement\StockManagement\StockManagement.csproj", "{A728F719-8C50-4836-AE8B-BECD3C13778A}"
EndProject
Global
	GlobalSection(SolutionConfigurationPlatforms) = preSolution
		Debug|Any CPU = Debug|Any CPU
		Debug|ARM = Debug|ARM
		Debug|iPhone = Debug|iPhone
		Debug|iPhoneSimulator = Debug|iPhoneSimulator
		Debug|x64 = Debug|x64
		Debug|x86 = Debug|x86
		Release|Any CPU = Release|Any CPU
		Release|ARM = Release|ARM
		Release|iPhone = Release|iPhone
		Release|iPhoneSimulator = Release|iPhoneSimulator
		Release|x64 = Release|x64
		Release|x86 = Release|x86
	EndGlobalSection
	GlobalSection(ProjectConfigurationPlatforms) = postSolution
		{8C51C337-F22D-4D91-B33D-2E47D7CB9E68}.Debug|Any CPU.ActiveCfg = Debug|x86
		{8C51C337-F22D-4D91-B33D-2E47D7CB9E68}.Debug|Any CPU.Build.0 = Debug|x86
		{8C51C337-F22D-4D91-B33D-2E47D7CB9E68}.Debug|Any CPU.Deploy.0 = Debug|x86
		{8C51C337-F22D-4D91-B33D-2E47D7CB9E68}.Debug|ARM.ActiveCfg = Debug|ARM
		{8C51C337-F22D-4D91-B33D-2E47D7CB9E68}.Debug|ARM.Build.0 = Debug|ARM
		{8C51C337-F22D-4D91-B33D-2E47D7CB9E68}.Debug|ARM.Deploy.0 = Debug|ARM
		{8C51C337-F22D-4D91-B33D-2E47D7CB9E68}.Debug|iPhone.ActiveCfg = Debug|x86
		{8C51C337-F22D-4D91-B33D-2E47D7CB9E68}.Debug|iPhone.Build.0 = Debug|x86
		{8C51C337-F22D-4D91-B33D-2E47D7CB9E68}.Debug|iPhone.Deploy.0 = Debug|x86
		{8C51C337-F22D-4D91-B33D-2E47D7CB9E68}.Debug|iPhoneSimulator.ActiveCfg = Debug|x86
		{8C51C337-F22D-4D91-B33D-2E47D7CB9E68}.Debug|iPhoneSimulator.Build.0 = Debug|x86
		{8C51C337-F22D-4D91-B33D-2E47D7CB9E68}.Debug|iPhoneSimulator.Deploy.0 = Debug|x86
		{8C51C337-F22D-4D91-B33D-2E47D7CB9E68}.Debug|x64.ActiveCfg = Debug|x64
		{8C51C337-F22D-4D91-B33D-2E47D7CB9E68}.Debug|x64.Build.0 = Debug|x64
		{8C51C337-F22D-4D91-B33D-2E47D7CB9E68}.Debug|x64.Deploy.0 = Debug|x64
		{8C51C337-F22D-4D91-B33D-2E47D7CB9E68}.Debug|x86.ActiveCfg = Debug|x86
		{8C51C337-F22D-4D91-B33D-2E47D7CB9E68}.Debug|x86.Build.0 = Debug|x86
		{8C51C337-F22D-4D91-B33D-2E47D7CB9E68}.Debug|x86.Deploy.0 = Debug|x86
		{8C51C337-F22D-4D91-B33D-2E47D7CB9E68}.Release|Any CPU.ActiveCfg = Release|x86
		{8C51C337-F22D-4D91-B33D-2E47D7CB9E68}.Release|Any CPU.Build.0 = Release|x86
		{8C51C337-F22D-4D91-B33D-2E47D7CB9E68}.Release|Any CPU.Deploy.0 = Release|x86
		{8C51C337-F22D-4D91-B33D-2E47D7CB9E68}.Release|ARM.ActiveCfg = Release|ARM
		{8C51C337-F22D-4D91-B33D-2E47D7CB9E68}.Release|ARM.Build.0 = Release|ARM
		{8C51C337-F22D-4D91-B33D-2E47D7CB9E68}.Release|ARM.Deploy.0 = Release|ARM
		{8C51C337-F22D-4D91-B33D-2E47D7CB9E68}.Release|iPhone.ActiveCfg = Release|x86
		{8C51C337-F22D-4D91-B33D-2E47D7CB9E68}.Release|iPhone.Build.0 = Release|x86
		{8C51C337-F22D-4D91-B33D-2E47D7CB9E68}.Release|iPhone.Deploy.0 = Release|x86
		{8C51C337-F22D-4D91-B33D-2E47D7CB9E68}.Release|iPhoneSimulator.ActiveCfg = Release|x86
		{8C51C337-F22D-4D91-B33D-2E47D7CB9E68}.Release|iPhoneSimulator.Build.0 = Release|x86
		{8C51C337-F22D-4D91-B33D-2E47D7CB9E68}.Release|iPhoneSimulator.Deploy.0 = Release|x86
		{8C51C337-F22D-4D91-B33D-2E47D7CB9E68}.Release|x64.ActiveCfg = Release|x64
		{8C51C337-F22D-4D91-B33D-2E47D7CB9E68}.Release|x64.Build.0 = Release|x64
		{8C51C337-F22D-4D91-B33D-2E47D7CB9E68}.Release|x64.Deploy.0 = Release|x64
		{8C51C337-F22D-4D91-B33D-2E47D7CB9E68}.Release|x86.ActiveCfg = Release|x86
		{8C51C337-F22D-4D91-B33D-2E47D7CB9E68}.Release|x86.Build.0 = Release|x86
		{8C51C337-F22D-4D91-B33D-2E47D7CB9E68}.Release|x86.Deploy.0 = Release|x86
		{3BF1628E-C067-4AFD-A19F-C7745DBF6585}.Debug|Any CPU.ActiveCfg = Debug|Any CPU
		{3BF1628E-C067-4AFD-A19F-C7745DBF6585}.Debug|Any CPU.Build.0 = Debug|Any CPU
		{3BF1628E-C067-4AFD-A19F-C7745DBF6585}.Debug|Any CPU.Deploy.0 = Debug|Any CPU
		{3BF1628E-C067-4AFD-A19F-C7745DBF6585}.Debug|ARM.ActiveCfg = Debug|Any CPU
		{3BF1628E-C067-4AFD-A19F-C7745DBF6585}.Debug|ARM.Build.0 = Debug|Any CPU
		{3BF1628E-C067-4AFD-A19F-C7745DBF6585}.Debug|ARM.Deploy.0 = Debug|Any CPU
		{3BF1628E-C067-4AFD-A19F-C7745DBF6585}.Debug|iPhone.ActiveCfg = Debug|Any CPU
		{3BF1628E-C067-4AFD-A19F-C7745DBF6585}.Debug|iPhone.Build.0 = Debug|Any CPU
		{3BF1628E-C067-4AFD-A19F-C7745DBF6585}.Debug|iPhone.Deploy.0 = Debug|Any CPU
		{3BF1628E-C067-4AFD-A19F-C7745DBF6585}.Debug|iPhoneSimulator.ActiveCfg = Debug|Any CPU
		{3BF1628E-C067-4AFD-A19F-C7745DBF6585}.Debug|iPhoneSimulator.Build.0 = Debug|Any CPU
		{3BF1628E-C067-4AFD-A19F-C7745DBF6585}.Debug|iPhoneSimulator.Deploy.0 = Debug|Any CPU
		{3BF1628E-C067-4AFD-A19F-C7745DBF6585}.Debug|x64.ActiveCfg = Debug|Any CPU
		{3BF1628E-C067-4AFD-A19F-C7745DBF6585}.Debug|x64.Build.0 = Debug|Any CPU
		{3BF1628E-C067-4AFD-A19F-C7745DBF6585}.Debug|x64.Deploy.0 = Debug|Any CPU
		{3BF1628E-C067-4AFD-A19F-C7745DBF6585}.Debug|x86.ActiveCfg = Debug|Any CPU
		{3BF1628E-C067-4AFD-A19F-C7745DBF6585}.Debug|x86.Build.0 = Debug|Any CPU
		{3BF1628E-C067-4AFD-A19F-C7745DBF6585}.Debug|x86.Deploy.0 = Debug|Any CPU
		{3BF1628E-C067-4AFD-A19F-C7745DBF6585}.Release|Any CPU.ActiveCfg = Release|Any CPU
		{3BF1628E-C067-4AFD-A19F-C7745DBF6585}.Release|Any CPU.Build.0 = Release|Any CPU
		{3BF1628E-C067-4AFD-A19F-C7745DBF6585}.Release|Any CPU.Deploy.0 = Release|Any CPU
		{3BF1628E-C067-4AFD-A19F-C7745DBF6585}.Release|ARM.ActiveCfg = Release|Any CPU
		{3BF1628E-C067-4AFD-A19F-C7745DBF6585}.Release|ARM.Build.0 = Release|Any CPU
		{3BF1628E-C067-4AFD-A19F-C7745DBF6585}.Release|ARM.Deploy.0 = Release|Any CPU
		{3BF1628E-C067-4AFD-A19F-C7745DBF6585}.Release|iPhone.ActiveCfg = Release|Any CPU
		{3BF1628E-C067-4AFD-A19F-C7745DBF6585}.Release|iPhone.Build.0 = Release|Any CPU
		{3BF1628E-C067-4AFD-A19F-C7745DBF6585}.Release|iPhone.Deploy.0 = Release|Any CPU
		{3BF1628E-C067-4AFD-A19F-C7745DBF6585}.Release|iPhoneSimulator.ActiveCfg = Release|Any CPU
		{3BF1628E-C067-4AFD-A19F-C7745DBF6585}.Release|iPhoneSimulator.Build.0 = Release|Any CPU
		{3BF1628E-C067-4AFD-A19F-C7745DBF6585}.Release|iPhoneSimulator.Deploy.0 = Release|Any CPU
		{3BF1628E-C067-4AFD-A19F-C7745DBF6585}.Release|x64.ActiveCfg = Release|Any CPU
		{3BF1628E-C067-4AFD-A19F-C7745DBF6585}.Release|x64.Build.0 = Release|Any CPU
		{3BF1628E-C067-4AFD-A19F-C7745DBF6585}.Release|x64.Deploy.0 = Release|Any CPU
		{3BF1628E-C067-4AFD-A19F-C7745DBF6585}.Release|x86.ActiveCfg = Release|Any CPU
		{3BF1628E-C067-4AFD-A19F-C7745DBF6585}.Release|x86.Build.0 = Release|Any CPU
		{3BF1628E-C067-4AFD-A19F-C7745DBF6585}.Release|x86.Deploy.0 = Release|Any CPU
		{F660FB0A-FDAF-469B-A012-B2A44AD7B5D6}.Debug|Any CPU.ActiveCfg = Debug|iPhone
		{F660FB0A-FDAF-469B-A012-B2A44AD7B5D6}.Debug|Any CPU.Build.0 = Debug|iPhone
		{F660FB0A-FDAF-469B-A012-B2A44AD7B5D6}.Debug|Any CPU.Deploy.0 = Debug|iPhone
		{F660FB0A-FDAF-469B-A012-B2A44AD7B5D6}.Debug|ARM.ActiveCfg = Debug|iPhoneSimulator
		{F660FB0A-FDAF-469B-A012-B2A44AD7B5D6}.Debug|ARM.Build.0 = Debug|iPhoneSimulator
		{F660FB0A-FDAF-469B-A012-B2A44AD7B5D6}.Debug|ARM.Deploy.0 = Debug|iPhoneSimulator
		{F660FB0A-FDAF-469B-A012-B2A44AD7B5D6}.Debug|iPhone.ActiveCfg = Debug|iPhone
		{F660FB0A-FDAF-469B-A012-B2A44AD7B5D6}.Debug|iPhone.Build.0 = Debug|iPhone
		{F660FB0A-FDAF-469B-A012-B2A44AD7B5D6}.Debug|iPhone.Deploy.0 = Debug|iPhone
		{F660FB0A-FDAF-469B-A012-B2A44AD7B5D6}.Debug|iPhoneSimulator.ActiveCfg = Debug|iPhoneSimulator
		{F660FB0A-FDAF-469B-A012-B2A44AD7B5D6}.Debug|iPhoneSimulator.Build.0 = Debug|iPhoneSimulator
		{F660FB0A-FDAF-469B-A012-B2A44AD7B5D6}.Debug|iPhoneSimulator.Deploy.0 = Debug|iPhoneSimulator
		{F660FB0A-FDAF-469B-A012-B2A44AD7B5D6}.Debug|x64.ActiveCfg = Debug|iPhone
		{F660FB0A-FDAF-469B-A012-B2A44AD7B5D6}.Debug|x64.Build.0 = Debug|iPhone
		{F660FB0A-FDAF-469B-A012-B2A44AD7B5D6}.Debug|x64.Deploy.0 = Debug|iPhone
		{F660FB0A-FDAF-469B-A012-B2A44AD7B5D6}.Debug|x86.ActiveCfg = Debug|iPhone
		{F660FB0A-FDAF-469B-A012-B2A44AD7B5D6}.Debug|x86.Build.0 = Debug|iPhone
		{F660FB0A-FDAF-469B-A012-B2A44AD7B5D6}.Debug|x86.Deploy.0 = Debug|iPhone
		{F660FB0A-FDAF-469B-A012-B2A44AD7B5D6}.Release|Any CPU.ActiveCfg = Release|iPhone
		{F660FB0A-FDAF-469B-A012-B2A44AD7B5D6}.Release|Any CPU.Build.0 = Release|iPhone
		{F660FB0A-FDAF-469B-A012-B2A44AD7B5D6}.Release|Any CPU.Deploy.0 = Release|iPhone
		{F660FB0A-FDAF-469B-A012-B2A44AD7B5D6}.Release|ARM.ActiveCfg = Release|iPhone
		{F660FB0A-FDAF-469B-A012-B2A44AD7B5D6}.Release|ARM.Build.0 = Release|iPhone
		{F660FB0A-FDAF-469B-A012-B2A44AD7B5D6}.Release|ARM.Deploy.0 = Release|iPhone
		{F660FB0A-FDAF-469B-A012-B2A44AD7B5D6}.Release|iPhone.ActiveCfg = Release|iPhone
		{F660FB0A-FDAF-469B-A012-B2A44AD7B5D6}.Release|iPhone.Build.0 = Release|iPhone
		{F660FB0A-FDAF-469B-A012-B2A44AD7B5D6}.Release|iPhone.Deploy.0 = Release|iPhone
		{F660FB0A-FDAF-469B-A012-B2A44AD7B5D6}.Release|iPhoneSimulator.ActiveCfg = Release|iPhoneSimulator
		{F660FB0A-FDAF-469B-A012-B2A44AD7B5D6}.Release|iPhoneSimulator.Build.0 = Release|iPhoneSimulator
		{F660FB0A-FDAF-469B-A012-B2A44AD7B5D6}.Release|iPhoneSimulator.Deploy.0 = Release|iPhoneSimulator
		{F660FB0A-FDAF-469B-A012-B2A44AD7B5D6}.Release|x64.ActiveCfg = Release|iPhone
		{F660FB0A-FDAF-469B-A012-B2A44AD7B5D6}.Release|x64.Build.0 = Release|iPhone
		{F660FB0A-FDAF-469B-A012-B2A44AD7B5D6}.Release|x64.Deploy.0 = Release|iPhone
		{F660FB0A-FDAF-469B-A012-B2A44AD7B5D6}.Release|x86.ActiveCfg = Release|iPhone
		{F660FB0A-FDAF-469B-A012-B2A44AD7B5D6}.Release|x86.Build.0 = Release|iPhone
		{F660FB0A-FDAF-469B-A012-B2A44AD7B5D6}.Release|x86.Deploy.0 = Release|iPhone
		{A728F719-8C50-4836-AE8B-BECD3C13778A}.Debug|Any CPU.ActiveCfg = Debug|Any CPU
		{A728F719-8C50-4836-AE8B-BECD3C13778A}.Debug|Any CPU.Build.0 = Debug|Any CPU
		{A728F719-8C50-4836-AE8B-BECD3C13778A}.Debug|Any CPU.Deploy.0 = Debug|Any CPU
		{A728F719-8C50-4836-AE8B-BECD3C13778A}.Debug|ARM.ActiveCfg = Debug|Any CPU
		{A728F719-8C50-4836-AE8B-BECD3C13778A}.Debug|ARM.Build.0 = Debug|Any CPU
		{A728F719-8C50-4836-AE8B-BECD3C13778A}.Debug|ARM.Deploy.0 = Debug|Any CPU
		{A728F719-8C50-4836-AE8B-BECD3C13778A}.Debug|iPhone.ActiveCfg = Debug|Any CPU
		{A728F719-8C50-4836-AE8B-BECD3C13778A}.Debug|iPhone.Build.0 = Debug|Any CPU
		{A728F719-8C50-4836-AE8B-BECD3C13778A}.Debug|iPhone.Deploy.0 = Debug|Any CPU
		{A728F719-8C50-4836-AE8B-BECD3C13778A}.Debug|iPhoneSimulator.ActiveCfg = Debug|Any CPU
		{A728F719-8C50-4836-AE8B-BECD3C13778A}.Debug|iPhoneSimulator.Build.0 = Debug|Any CPU
		{A728F719-8C50-4836-AE8B-BECD3C13778A}.Debug|iPhoneSimulator.Deploy.0 = Debug|Any CPU
		{A728F719-8C50-4836-AE8B-BECD3C13778A}.Debug|x64.ActiveCfg = Debug|Any CPU
		{A728F719-8C50-4836-AE8B-BECD3C13778A}.Debug|x64.Build.0 = Debug|Any CPU
		{A728F719-8C50-4836-AE8B-BECD3C13778A}.Debug|x64.Deploy.0 = Debug|Any CPU
		{A728F719-8C50-4836-AE8B-BECD3C13778A}.Debug|x86.ActiveCfg = Debug|Any CPU
		{A728F719-8C50-4836-AE8B-BECD3C13778A}.Debug|x86.Build.0 = Debug|Any CPU
		{A728F719-8C50-4836-AE8B-BECD3C13778A}.Debug|x86.Deploy.0 = Debug|Any CPU
		{A728F719-8C50-4836-AE8B-BECD3C13778A}.Release|Any CPU.ActiveCfg = Release|Any CPU
		{A728F719-8C50-4836-AE8B-BECD3C13778A}.Release|Any CPU.Build.0 = Release|Any CPU
		{A728F719-8C50-4836-AE8B-BECD3C13778A}.Release|Any CPU.Deploy.0 = Release|Any CPU
		{A728F719-8C50-4836-AE8B-BECD3C13778A}.Release|ARM.ActiveCfg = Release|Any CPU
		{A728F719-8C50-4836-AE8B-BECD3C13778A}.Release|ARM.Build.0 = Release|Any CPU
		{A728F719-8C50-4836-AE8B-BECD3C13778A}.Release|ARM.Deploy.0 = Release|Any CPU
		{A728F719-8C50-4836-AE8B-BECD3C13778A}.Release|iPhone.ActiveCfg = Release|Any CPU
		{A728F719-8C50-4836-AE8B-BECD3C13778A}.Release|iPhone.Build.0 = Release|Any CPU
		{A728F719-8C50-4836-AE8B-BECD3C13778A}.Release|iPhone.Deploy.0 = Release|Any CPU
		{A728F719-8C50-4836-AE8B-BECD3C13778A}.Release|iPhoneSimulator.ActiveCfg = Release|Any CPU
		{A728F719-8C50-4836-AE8B-BECD3C13778A}.Release|iPhoneSimulator.Build.0 = Release|Any CPU
		{A728F719-8C50-4836-AE8B-BECD3C13778A}.Release|iPhoneSimulator.Deploy.0 = Release|Any CPU
		{A728F719-8C50-4836-AE8B-BECD3C13778A}.Release|x64.ActiveCfg = Release|Any CPU
		{A728F719-8C50-4836-AE8B-BECD3C13778A}.Release|x64.Build.0 = Release|Any CPU
		{A728F719-8C50-4836-AE8B-BECD3C13778A}.Release|x64.Deploy.0 = Release|Any CPU
		{A728F719-8C50-4836-AE8B-BECD3C13778A}.Release|x86.ActiveCfg = Release|Any CPU
		{A728F719-8C50-4836-AE8B-BECD3C13778A}.Release|x86.Build.0 = Release|Any CPU
		{A728F719-8C50-4836-AE8B-BECD3C13778A}.Release|x86.Deploy.0 = Release|Any CPU
	EndGlobalSection
	GlobalSection(SolutionProperties) = preSolution
		HideSolutionNode = FALSE
	EndGlobalSection
	GlobalSection(ExtensibilityGlobals) = postSolution
		SolutionGuid = {3EE92425-3CC5-41A9-AC88-19904A3E0190}
	EndGlobalSection
EndGlobal
